// !$*UTF8*$!
{
	archiveVersion = 1;
	classes = {
	};
	objectVersion = 48;
	objects = {

/* Begin PBXBuildFile section */
		23013802203E37CC009CCFF3 /* AppDelegate.swift in Sources */ = {isa = PBXBuildFile; fileRef = 23013801203E37CC009CCFF3 /* AppDelegate.swift */; };
		23013807203E37CC009CCFF3 /* Main.storyboard in Resources */ = {isa = PBXBuildFile; fileRef = 23013805203E37CC009CCFF3 /* Main.storyboard */; };
		23013809203E37CC009CCFF3 /* Assets.xcassets in Resources */ = {isa = PBXBuildFile; fileRef = 23013808203E37CC009CCFF3 /* Assets.xcassets */; };
		2301380C203E37CC009CCFF3 /* LaunchScreen.storyboard in Resources */ = {isa = PBXBuildFile; fileRef = 2301380A203E37CC009CCFF3 /* LaunchScreen.storyboard */; };
		23013817203E37CC009CCFF3 /* CanvasTests.swift in Sources */ = {isa = PBXBuildFile; fileRef = 23013816203E37CC009CCFF3 /* CanvasTests.swift */; };
		23013822203E37CD009CCFF3 /* CanvasUITests.swift in Sources */ = {isa = PBXBuildFile; fileRef = 23013821203E37CD009CCFF3 /* CanvasUITests.swift */; };
		23013830203E3860009CCFF3 /* CanvasViewController.swift in Sources */ = {isa = PBXBuildFile; fileRef = 2301382F203E3860009CCFF3 /* CanvasViewController.swift */; };
/* End PBXBuildFile section */

/* Begin PBXContainerItemProxy section */
		23013813203E37CC009CCFF3 /* PBXContainerItemProxy */ = {
			isa = PBXContainerItemProxy;
			containerPortal = 230137F6203E37CC009CCFF3 /* Project object */;
			proxyType = 1;
			remoteGlobalIDString = 230137FD203E37CC009CCFF3;
			remoteInfo = Canvas;
		};
		2301381E203E37CD009CCFF3 /* PBXContainerItemProxy */ = {
			isa = PBXContainerItemProxy;
			containerPortal = 230137F6203E37CC009CCFF3 /* Project object */;
			proxyType = 1;
			remoteGlobalIDString = 230137FD203E37CC009CCFF3;
			remoteInfo = Canvas;
		};
/* End PBXContainerItemProxy section */

/* Begin PBXFileReference section */
		230137FE203E37CC009CCFF3 /* Canvas.app */ = {isa = PBXFileReference; explicitFileType = wrapper.application; includeInIndex = 0; path = Canvas.app; sourceTree = BUILT_PRODUCTS_DIR; };
		23013801203E37CC009CCFF3 /* AppDelegate.swift */ = {isa = PBXFileReference; lastKnownFileType = sourcecode.swift; path = AppDelegate.swift; sourceTree = "<group>"; };
		23013806203E37CC009CCFF3 /* Base */ = {isa = PBXFileReference; lastKnownFileType = file.storyboard; name = Base; path = Base.lproj/Main.storyboard; sourceTree = "<group>"; };
		23013808203E37CC009CCFF3 /* Assets.xcassets */ = {isa = PBXFileReference; lastKnownFileType = folder.assetcatalog; path = Assets.xcassets; sourceTree = "<group>"; };
		2301380B203E37CC009CCFF3 /* Base */ = {isa = PBXFileReference; lastKnownFileType = file.storyboard; name = Base; path = Base.lproj/LaunchScreen.storyboard; sourceTree = "<group>"; };
		2301380D203E37CC009CCFF3 /* Info.plist */ = {isa = PBXFileReference; lastKnownFileType = text.plist.xml; path = Info.plist; sourceTree = "<group>"; };
		23013812203E37CC009CCFF3 /* CanvasTests.xctest */ = {isa = PBXFileReference; explicitFileType = wrapper.cfbundle; includeInIndex = 0; path = CanvasTests.xctest; sourceTree = BUILT_PRODUCTS_DIR; };
		23013816203E37CC009CCFF3 /* CanvasTests.swift */ = {isa = PBXFileReference; lastKnownFileType = sourcecode.swift; path = CanvasTests.swift; sourceTree = "<group>"; };
		23013818203E37CC009CCFF3 /* Info.plist */ = {isa = PBXFileReference; lastKnownFileType = text.plist.xml; path = Info.plist; sourceTree = "<group>"; };
		2301381D203E37CD009CCFF3 /* CanvasUITests.xctest */ = {isa = PBXFileReference; explicitFileType = wrapper.cfbundle; includeInIndex = 0; path = CanvasUITests.xctest; sourceTree = BUILT_PRODUCTS_DIR; };
		23013821203E37CD009CCFF3 /* CanvasUITests.swift */ = {isa = PBXFileReference; lastKnownFileType = sourcecode.swift; path = CanvasUITests.swift; sourceTree = "<group>"; };
		23013823203E37CD009CCFF3 /* Info.plist */ = {isa = PBXFileReference; lastKnownFileType = text.plist.xml; path = Info.plist; sourceTree = "<group>"; };
		2301382F203E3860009CCFF3 /* CanvasViewController.swift */ = {isa = PBXFileReference; lastKnownFileType = sourcecode.swift; path = CanvasViewController.swift; sourceTree = "<group>"; };
/* End PBXFileReference section */

/* Begin PBXFrameworksBuildPhase section */
		230137FB203E37CC009CCFF3 /* Frameworks */ = {
			isa = PBXFrameworksBuildPhase;
			buildActionMask = 2147483647;
			files = (
			);
			runOnlyForDeploymentPostprocessing = 0;
		};
		2301380F203E37CC009CCFF3 /* Frameworks */ = {
			isa = PBXFrameworksBuildPhase;
			buildActionMask = 2147483647;
			files = (
			);
			runOnlyForDeploymentPostprocessing = 0;
		};
		2301381A203E37CD009CCFF3 /* Frameworks */ = {
			isa = PBXFrameworksBuildPhase;
			buildActionMask = 2147483647;
			files = (
			);
			runOnlyForDeploymentPostprocessing = 0;
		};
/* End PBXFrameworksBuildPhase section */

/* Begin PBXGroup section */
		230137F5203E37CC009CCFF3 = {
			isa = PBXGroup;
			children = (
				23013800203E37CC009CCFF3 /* Canvas */,
				23013815203E37CC009CCFF3 /* CanvasTests */,
				23013820203E37CD009CCFF3 /* CanvasUITests */,
				230137FF203E37CC009CCFF3 /* Products */,
			);
			sourceTree = "<group>";
		};
		230137FF203E37CC009CCFF3 /* Products */ = {
			isa = PBXGroup;
			children = (
				230137FE203E37CC009CCFF3 /* Canvas.app */,
				23013812203E37CC009CCFF3 /* CanvasTests.xctest */,
				2301381D203E37CD009CCFF3 /* CanvasUITests.xctest */,
			);
			name = Products;
			sourceTree = "<group>";
		};
		23013800203E37CC009CCFF3 /* Canvas */ = {
			isa = PBXGroup;
			children = (
				23013801203E37CC009CCFF3 /* AppDelegate.swift */,
				23013805203E37CC009CCFF3 /* Main.storyboard */,
				23013808203E37CC009CCFF3 /* Assets.xcassets */,
				2301380A203E37CC009CCFF3 /* LaunchScreen.storyboard */,
				2301380D203E37CC009CCFF3 /* Info.plist */,
				2301382F203E3860009CCFF3 /* CanvasViewController.swift */,
			);
			path = Canvas;
			sourceTree = "<group>";
		};
		23013815203E37CC009CCFF3 /* CanvasTests */ = {
			isa = PBXGroup;
			children = (
				23013816203E37CC009CCFF3 /* CanvasTests.swift */,
				23013818203E37CC009CCFF3 /* Info.plist */,
			);
			path = CanvasTests;
			sourceTree = "<group>";
		};
		23013820203E37CD009CCFF3 /* CanvasUITests */ = {
			isa = PBXGroup;
			children = (
				23013821203E37CD009CCFF3 /* CanvasUITests.swift */,
				23013823203E37CD009CCFF3 /* Info.plist */,
			);
			path = CanvasUITests;
			sourceTree = "<group>";
		};
/* End PBXGroup section */

/* Begin PBXNativeTarget section */
		230137FD203E37CC009CCFF3 /* Canvas */ = {
			isa = PBXNativeTarget;
			buildConfigurationList = 23013826203E37CD009CCFF3 /* Build configuration list for PBXNativeTarget "Canvas" */;
			buildPhases = (
				230137FA203E37CC009CCFF3 /* Sources */,
				230137FB203E37CC009CCFF3 /* Frameworks */,
				230137FC203E37CC009CCFF3 /* Resources */,
			);
			buildRules = (
			);
			dependencies = (
			);
			name = Canvas;
			productName = Canvas;
			productReference = 230137FE203E37CC009CCFF3 /* Canvas.app */;
			productType = "com.apple.product-type.application";
		};
		23013811203E37CC009CCFF3 /* CanvasTests */ = {
			isa = PBXNativeTarget;
			buildConfigurationList = 23013829203E37CD009CCFF3 /* Build configuration list for PBXNativeTarget "CanvasTests" */;
			buildPhases = (
				2301380E203E37CC009CCFF3 /* Sources */,
				2301380F203E37CC009CCFF3 /* Frameworks */,
				23013810203E37CC009CCFF3 /* Resources */,
			);
			buildRules = (
			);
			dependencies = (
				23013814203E37CC009CCFF3 /* PBXTargetDependency */,
			);
			name = CanvasTests;
			productName = CanvasTests;
			productReference = 23013812203E37CC009CCFF3 /* CanvasTests.xctest */;
			productType = "com.apple.product-type.bundle.unit-test";
		};
		2301381C203E37CD009CCFF3 /* CanvasUITests */ = {
			isa = PBXNativeTarget;
			buildConfigurationList = 2301382C203E37CD009CCFF3 /* Build configuration list for PBXNativeTarget "CanvasUITests" */;
			buildPhases = (
				23013819203E37CD009CCFF3 /* Sources */,
				2301381A203E37CD009CCFF3 /* Frameworks */,
				2301381B203E37CD009CCFF3 /* Resources */,
			);
			buildRules = (
			);
			dependencies = (
				2301381F203E37CD009CCFF3 /* PBXTargetDependency */,
			);
			name = CanvasUITests;
			productName = CanvasUITests;
			productReference = 2301381D203E37CD009CCFF3 /* CanvasUITests.xctest */;
			productType = "com.apple.product-type.bundle.ui-testing";
		};
/* End PBXNativeTarget section */

/* Begin PBXProject section */
		230137F6203E37CC009CCFF3 /* Project object */ = {
			isa = PBXProject;
			attributes = {
				LastSwiftUpdateCheck = 0920;
				LastUpgradeCheck = 0920;
				ORGANIZATIONNAME = "Hussain Almajed";
				TargetAttributes = {
					230137FD203E37CC009CCFF3 = {
						CreatedOnToolsVersion = 9.2;
						ProvisioningStyle = Automatic;
					};
					23013811203E37CC009CCFF3 = {
						CreatedOnToolsVersion = 9.2;
						ProvisioningStyle = Automatic;
						TestTargetID = 230137FD203E37CC009CCFF3;
					};
					2301381C203E37CD009CCFF3 = {
						CreatedOnToolsVersion = 9.2;
						ProvisioningStyle = Automatic;
						TestTargetID = 230137FD203E37CC009CCFF3;
					};
				};
			};
			buildConfigurationList = 230137F9203E37CC009CCFF3 /* Build configuration list for PBXProject "Canvas" */;
			compatibilityVersion = "Xcode 8.0";
			developmentRegion = en;
			hasScannedForEncodings = 0;
			knownRegions = (
				en,
				Base,
			);
			mainGroup = 230137F5203E37CC009CCFF3;
			productRefGroup = 230137FF203E37CC009CCFF3 /* Products */;
			projectDirPath = "";
			projectRoot = "";
			targets = (
				230137FD203E37CC009CCFF3 /* Canvas */,
				23013811203E37CC009CCFF3 /* CanvasTests */,
				2301381C203E37CD009CCFF3 /* CanvasUITests */,
			);
		};
/* End PBXProject section */

/* Begin PBXResourcesBuildPhase section */
		230137FC203E37CC009CCFF3 /* Resources */ = {
			isa = PBXResourcesBuildPhase;
			buildActionMask = 2147483647;
			files = (
				2301380C203E37CC009CCFF3 /* LaunchScreen.storyboard in Resources */,
				23013809203E37CC009CCFF3 /* Assets.xcassets in Resources */,
				23013807203E37CC009CCFF3 /* Main.storyboard in Resources */,
			);
			runOnlyForDeploymentPostprocessing = 0;
		};
		23013810203E37CC009CCFF3 /* Resources */ = {
			isa = PBXResourcesBuildPhase;
			buildActionMask = 2147483647;
			files = (
			);
			runOnlyForDeploymentPostprocessing = 0;
		};
		2301381B203E37CD009CCFF3 /* Resources */ = {
			isa = PBXResourcesBuildPhase;
			buildActionMask = 2147483647;
			files = (
			);
			runOnlyForDeploymentPostprocessing = 0;
		};
/* End PBXResourcesBuildPhase section */

/* Begin PBXSourcesBuildPhase section */
		230137FA203E37CC009CCFF3 /* Sources */ = {
			isa = PBXSourcesBuildPhase;
			buildActionMask = 2147483647;
			files = (
				23013830203E3860009CCFF3 /* CanvasViewController.swift in Sources */,
				23013802203E37CC009CCFF3 /* AppDelegate.swift in Sources */,
			);
			runOnlyForDeploymentPostprocessing = 0;
		};
		2301380E203E37CC009CCFF3 /* Sources */ = {
			isa = PBXSourcesBuildPhase;
			buildActionMask = 2147483647;
			files = (
				23013817203E37CC009CCFF3 /* CanvasTests.swift in Sources */,
			);
			runOnlyForDeploymentPostprocessing = 0;
		};
		23013819203E37CD009CCFF3 /* Sources */ = {
			isa = PBXSourcesBuildPhase;
			buildActionMask = 2147483647;
			files = (
				23013822203E37CD009CCFF3 /* CanvasUITests.swift in Sources */,
			);
			runOnlyForDeploymentPostprocessing = 0;
		};
/* End PBXSourcesBuildPhase section */

/* Begin PBXTargetDependency section */
		23013814203E37CC009CCFF3 /* PBXTargetDependency */ = {
			isa = PBXTargetDependency;
			target = 230137FD203E37CC009CCFF3 /* Canvas */;
			targetProxy = 23013813203E37CC009CCFF3 /* PBXContainerItemProxy */;
		};
		2301381F203E37CD009CCFF3 /* PBXTargetDependency */ = {
			isa = PBXTargetDependency;
			target = 230137FD203E37CC009CCFF3 /* Canvas */;
			targetProxy = 2301381E203E37CD009CCFF3 /* PBXContainerItemProxy */;
		};
/* End PBXTargetDependency section */

/* Begin PBXVariantGroup section */
		23013805203E37CC009CCFF3 /* Main.storyboard */ = {
			isa = PBXVariantGroup;
			children = (
				23013806203E37CC009CCFF3 /* Base */,
			);
			name = Main.storyboard;
			sourceTree = "<group>";
		};
		2301380A203E37CC009CCFF3 /* LaunchScreen.storyboard */ = {
			isa = PBXVariantGroup;
			children = (
				2301380B203E37CC009CCFF3 /* Base */,
			);
			name = LaunchScreen.storyboard;
			sourceTree = "<group>";
		};
/* End PBXVariantGroup section */

/* Begin XCBuildConfiguration section */
		23013824203E37CD009CCFF3 /* Debug */ = {
			isa = XCBuildConfiguration;
			buildSettings = {
				ALWAYS_SEARCH_USER_PATHS = NO;
				CLANG_ANALYZER_NONNULL = YES;
				CLANG_ANALYZER_NUMBER_OBJECT_CONVERSION = YES_AGGRESSIVE;
				CLANG_CXX_LANGUAGE_STANDARD = "gnu++14";
				CLANG_CXX_LIBRARY = "libc++";
				CLANG_ENABLE_MODULES = YES;
				CLANG_ENABLE_OBJC_ARC = YES;
				CLANG_WARN_BLOCK_CAPTURE_AUTORELEASING = YES;
				CLANG_WARN_BOOL_CONVERSION = YES;
				CLANG_WARN_COMMA = YES;
				CLANG_WARN_CONSTANT_CONVERSION = YES;
				CLANG_WARN_DIRECT_OBJC_ISA_USAGE = YES_ERROR;
				CLANG_WARN_DOCUMENTATION_COMMENTS = YES;
				CLANG_WARN_EMPTY_BODY = YES;
				CLANG_WARN_ENUM_CONVERSION = YES;
				CLANG_WARN_INFINITE_RECURSION = YES;
				CLANG_WARN_INT_CONVERSION = YES;
				CLANG_WARN_NON_LITERAL_NULL_CONVERSION = YES;
				CLANG_WARN_OBJC_LITERAL_CONVERSION = YES;
				CLANG_WARN_OBJC_ROOT_CLASS = YES_ERROR;
				CLANG_WARN_RANGE_LOOP_ANALYSIS = YES;
				CLANG_WARN_STRICT_PROTOTYPES = YES;
				CLANG_WARN_SUSPICIOUS_MOVE = YES;
				CLANG_WARN_UNGUARDED_AVAILABILITY = YES_AGGRESSIVE;
				CLANG_WARN_UNREACHABLE_CODE = YES;
				CLANG_WARN__DUPLICATE_METHOD_MATCH = YES;
				CODE_SIGN_IDENTITY = "iPhone Developer";
				COPY_PHASE_STRIP = NO;
				DEBUG_INFORMATION_FORMAT = dwarf;
				ENABLE_STRICT_OBJC_MSGSEND = YES;
				ENABLE_TESTABILITY = YES;
				GCC_C_LANGUAGE_STANDARD = gnu11;
				GCC_DYNAMIC_NO_PIC = NO;
				GCC_NO_COMMON_BLOCKS = YES;
				GCC_OPTIMIZATION_LEVEL = 0;
				GCC_PREPROCESSOR_DEFINITIONS = (
					"DEBUG=1",
					"$(inherited)",
				);
				GCC_WARN_64_TO_32_BIT_CONVERSION = YES;
				GCC_WARN_ABOUT_RETURN_TYPE = YES_ERROR;
				GCC_WARN_UNDECLARED_SELECTOR = YES;
				GCC_WARN_UNINITIALIZED_AUTOS = YES_AGGRESSIVE;
				GCC_WARN_UNUSED_FUNCTION = YES;
				GCC_WARN_UNUSED_VARIABLE = YES;
				IPHONEOS_DEPLOYMENT_TARGET = 11.2;
				MTL_ENABLE_DEBUG_INFO = YES;
				ONLY_ACTIVE_ARCH = YES;
				SDKROOT = iphoneos;
				SWIFT_ACTIVE_COMPILATION_CONDITIONS = DEBUG;
				SWIFT_OPTIMIZATION_LEVEL = "-Onone";
			};
			name = Debug;
		};
		23013825203E37CD009CCFF3 /* Release */ = {
			isa = XCBuildConfiguration;
			buildSettings = {
				ALWAYS_SEARCH_USER_PATHS = NO;
				CLANG_ANALYZER_NONNULL = YES;
				CLANG_ANALYZER_NUMBER_OBJECT_CONVERSION = YES_AGGRESSIVE;
				CLANG_CXX_LANGUAGE_STANDARD = "gnu++14";
				CLANG_CXX_LIBRARY = "libc++";
				CLANG_ENABLE_MODULES = YES;
				CLANG_ENABLE_OBJC_ARC = YES;
				CLANG_WARN_BLOCK_CAPTURE_AUTORELEASING = YES;
				CLANG_WARN_BOOL_CONVERSION = YES;
				CLANG_WARN_COMMA = YES;
				CLANG_WARN_CONSTANT_CONVERSION = YES;
				CLANG_WARN_DIRECT_OBJC_ISA_USAGE = YES_ERROR;
				CLANG_WARN_DOCUMENTATION_COMMENTS = YES;
				CLANG_WARN_EMPTY_BODY = YES;
				CLANG_WARN_ENUM_CONVERSION = YES;
				CLANG_WARN_INFINITE_RECURSION = YES;
				CLANG_WARN_INT_CONVERSION = YES;
				CLANG_WARN_NON_LITERAL_NULL_CONVERSION = YES;
				CLANG_WARN_OBJC_LITERAL_CONVERSION = YES;
				CLANG_WARN_OBJC_ROOT_CLASS = YES_ERROR;
				CLANG_WARN_RANGE_LOOP_ANALYSIS = YES;
				CLANG_WARN_STRICT_PROTOTYPES = YES;
				CLANG_WARN_SUSPICIOUS_MOVE = YES;
				CLANG_WARN_UNGUARDED_AVAILABILITY = YES_AGGRESSIVE;
				CLANG_WARN_UNREACHABLE_CODE = YES;
				CLANG_WARN__DUPLICATE_METHOD_MATCH = YES;
				CODE_SIGN_IDENTITY = "iPhone Developer";
				COPY_PHASE_STRIP = NO;
				DEBUG_INFORMATION_FORMAT = "dwarf-with-dsym";
				ENABLE_NS_ASSERTIONS = NO;
				ENABLE_STRICT_OBJC_MSGSEND = YES;
				GCC_C_LANGUAGE_STANDARD = gnu11;
				GCC_NO_COMMON_BLOCKS = YES;
				GCC_WARN_64_TO_32_BIT_CONVERSION = YES;
				GCC_WARN_ABOUT_RETURN_TYPE = YES_ERROR;
				GCC_WARN_UNDECLARED_SELECTOR = YES;
				GCC_WARN_UNINITIALIZED_AUTOS = YES_AGGRESSIVE;
				GCC_WARN_UNUSED_FUNCTION = YES;
				GCC_WARN_UNUSED_VARIABLE = YES;
				IPHONEOS_DEPLOYMENT_TARGET = 11.2;
				MTL_ENABLE_DEBUG_INFO = NO;
				SDKROOT = iphoneos;
				SWIFT_OPTIMIZATION_LEVEL = "-Owholemodule";
				VALIDATE_PRODUCT = YES;
			};
			name = Release;
		};
		23013827203E37CD009CCFF3 /* Debug */ = {
			isa = XCBuildConfiguration;
			buildSettings = {
				ASSETCATALOG_COMPILER_APPICON_NAME = AppIcon;
				CODE_SIGN_STYLE = Automatic;
				INFOPLIST_FILE = Canvas/Info.plist;
				LD_RUNPATH_SEARCH_PATHS = "$(inherited) @executable_path/Frameworks";
				PRODUCT_BUNDLE_IDENTIFIER = com.codepath.Canvas;
				PRODUCT_NAME = "$(TARGET_NAME)";
				SWIFT_VERSION = 4.0;
				TARGETED_DEVICE_FAMILY = "1,2";
			};
			name = Debug;
		};
		23013828203E37CD009CCFF3 /* Release */ = {
			isa = XCBuildConfiguration;
			buildSettings = {
				ASSETCATALOG_COMPILER_APPICON_NAME = AppIcon;
				CODE_SIGN_STYLE = Automatic;
				INFOPLIST_FILE = Canvas/Info.plist;
				LD_RUNPATH_SEARCH_PATHS = "$(inherited) @executable_path/Frameworks";
				PRODUCT_BUNDLE_IDENTIFIER = com.codepath.Canvas;
				PRODUCT_NAME = "$(TARGET_NAME)";
				SWIFT_VERSION = 4.0;
				TARGETED_DEVICE_FAMILY = "1,2";
			};
			name = Release;
		};
		2301382A203E37CD009CCFF3 /* Debug */ = {
			isa = XCBuildConfiguration;
			buildSettings = {
				ALWAYS_EMBED_SWIFT_STANDARD_LIBRARIES = YES;
				BUNDLE_LOADER = "$(TEST_HOST)";
				CODE_SIGN_STYLE = Automatic;
				INFOPLIST_FILE = CanvasTests/Info.plist;
				LD_RUNPATH_SEARCH_PATHS = "$(inherited) @executable_path/Frameworks @loader_path/Frameworks";
				PRODUCT_BUNDLE_IDENTIFIER = com.codepath.CanvasTests;
				PRODUCT_NAME = "$(TARGET_NAME)";
				SWIFT_VERSION = 4.0;
				TARGETED_DEVICE_FAMILY = "1,2";
				TEST_HOST = "$(BUILT_PRODUCTS_DIR)/Canvas.app/Canvas";
			};
			name = Debug;
		};
		2301382B203E37CD009CCFF3 /* Release */ = {
			isa = XCBuildConfiguration;
			buildSettings = {
				ALWAYS_EMBED_SWIFT_STANDARD_LIBRARIES = YES;
				BUNDLE_LOADER = "$(TEST_HOST)";
				CODE_SIGN_STYLE = Automatic;
				INFOPLIST_FILE = CanvasTests/Info.plist;
				LD_RUNPATH_SEARCH_PATHS = "$(inherited) @executable_path/Frameworks @loader_path/Frameworks";
				PRODUCT_BUNDLE_IDENTIFIER = com.codepath.CanvasTests;
				PRODUCT_NAME = "$(TARGET_NAME)";
				SWIFT_VERSION = 4.0;
				TARGETED_DEVICE_FAMILY = "1,2";
				TEST_HOST = "$(BUILT_PRODUCTS_DIR)/Canvas.app/Canvas";
			};
			name = Release;
		};
		2301382D203E37CD009CCFF3 /* Debug */ = {
			isa = XCBuildConfiguration;
			buildSettings = {
				ALWAYS_EMBED_SWIFT_STANDARD_LIBRARIES = YES;
				CODE_SIGN_STYLE = Automatic;
				INFOPLIST_FILE = CanvasUITests/Info.plist;
				LD_RUNPATH_SEARCH_PATHS = "$(inherited) @executable_path/Frameworks @loader_path/Frameworks";
				PRODUCT_BUNDLE_IDENTIFIER = com.codepath.CanvasUITests;
				PRODUCT_NAME = "$(TARGET_NAME)";
				SWIFT_VERSION = 4.0;
				TARGETED_DEVICE_FAMILY = "1,2";
				TEST_TARGET_NAME = Canvas;
			};
			name = Debug;
		};
		2301382E203E37CD009CCFF3 /* Release */ = {
			isa = XCBuildConfiguration;
			buildSettings = {
				ALWAYS_EMBED_SWIFT_STANDARD_LIBRARIES = YES;
				CODE_SIGN_STYLE = Automatic;
				INFOPLIST_FILE = CanvasUITests/Info.plist;
				LD_RUNPATH_SEARCH_PATHS = "$(inherited) @executable_path/Frameworks @loader_path/Frameworks";
				PRODUCT_BUNDLE_IDENTIFIER = com.codepath.CanvasUITests;
				PRODUCT_NAME = "$(TARGET_NAME)";
				SWIFT_VERSION = 4.0;
				TARGETED_DEVICE_FAMILY = "1,2";
				TEST_TARGET_NAME = Canvas;
			};
			name = Release;
		};
/* End XCBuildConfiguration section */

/* Begin XCConfigurationList section */
		230137F9203E37CC009CCFF3 /* Build configuration list for PBXProject "Canvas" */ = {
			isa = XCConfigurationList;
			buildConfigurations = (
				23013824203E37CD009CCFF3 /* Debug */,
				23013825203E37CD009CCFF3 /* Release */,
			);
			defaultConfigurationIsVisible = 0;
			defaultConfigurationName = Release;
		};
		23013826203E37CD009CCFF3 /* Build configuration list for PBXNativeTarget "Canvas" */ = {
			isa = XCConfigurationList;
			buildConfigurations = (
				23013827203E37CD009CCFF3 /* Debug */,
				23013828203E37CD009CCFF3 /* Release */,
			);
			defaultConfigurationIsVisible = 0;
			defaultConfigurationName = Release;
		};
		23013829203E37CD009CCFF3 /* Build configuration list for PBXNativeTarget "CanvasTests" */ = {
			isa = XCConfigurationList;
			buildConfigurations = (
				2301382A203E37CD009CCFF3 /* Debug */,
				2301382B203E37CD009CCFF3 /* Release */,
			);
			defaultConfigurationIsVisible = 0;
			defaultConfigurationName = Release;
		};
		2301382C203E37CD009CCFF3 /* Build configuration list for PBXNativeTarget "CanvasUITests" */ = {
			isa = XCConfigurationList;
			buildConfigurations = (
				2301382D203E37CD009CCFF3 /* Debug */,
				2301382E203E37CD009CCFF3 /* Release */,
			);
			defaultConfigurationIsVisible = 0;
			defaultConfigurationName = Release;
		};
/* End XCConfigurationList section */
	};
	rootObject = 230137F6203E37CC009CCFF3 /* Project object */;
}
